
Microsoft Visual Studio Solution File, Format Version 12.00
# Visual Studio Version 17
VisualStudioVersion = 17.0.32112.339
MinimumVisualStudioVersion = 10.0.40219.1
Project("{FAE04EC0-301F-11D3-BF4B-00C04F79EFBC}") = "TetrisGame", "TetrisGame\TetrisGame.csproj", "{0436C8A6-E8A3-40EA-A6C6-B8C1C60AAE0F}"
EndProject
Global
	GlobalSection(SolutionConfigurationPlatforms) = preSolution
		Debug|Any CPU = Debug|Any CPU
		Release|Any CPU = Release|Any CPU
	EndGlobalSection
	GlobalSection(ProjectConfigurationPlatforms) = postSolution
		{0436C8A6-E8A3-40EA-A6C6-B8C1C60AAE0F}.Debug|Any CPU.ActiveCfg = Debug|Any CPU
		{0436C8A6-E8A3-40EA-A6C6-B8C1C60AAE0F}.Debug|Any CPU.Build.0 = Debug|Any CPU
		{0436C8A6-E8A3-40EA-A6C6-B8C1C60AAE0F}.Release|Any CPU.ActiveCfg = Release|Any CPU
		{0436C8A6-E8A3-40EA-A6C6-B8C1C60AAE0F}.Release|Any CPU.Build.0 = Release|Any CPU
	EndGlobalSection
	GlobalSection(SolutionProperties) = preSolution
		HideSolutionNode = FALSE
	EndGlobalSection
	GlobalSection(ExtensibilityGlobals) = postSolution
		SolutionGuid = {4116E411-F02E-48B1-ACA1-44478ECB2F91}
	EndGlobalSection
EndGlobal
